// !$*UTF8*$!
{
	archiveVersion = 1;
	classes = {
	};
	objectVersion = 46;
	objects = {

/* Begin PBXBuildFile section */
		1E66D1FB210AF4ED007EAB8C /* AAJSFiles.bundle in Resources */ = {isa = PBXBuildFile; fileRef = 1E66D1BC210AF4EC007EAB8C /* AAJSFiles.bundle */; };
		27EB89DF248BE1C9007E6A6B /* AAColorAxis.m in Sources */ = {isa = PBXBuildFile; fileRef = 27EB89DE248BE1C9007E6A6B /* AAColorAxis.m */; };
		27EB89E2248C8F87007E6A6B /* AAOptionsSeries.m in Sources */ = {isa = PBXBuildFile; fileRef = 27EB89E1248C8F87007E6A6B /* AAOptionsSeries.m */; };
		27EB89E5249113B6007E6A6B /* AALevels.m in Sources */ = {isa = PBXBuildFile; fileRef = 27EB89E4249113B6007E6A6B /* AALevels.m */; };
		27EB89E82491246E007E6A6B /* AAPackedbubble.m in Sources */ = {isa = PBXBuildFile; fileRef = 27EB89E72491246E007E6A6B /* AAPackedbubble.m */; };
		27EB89EB24912A2F007E6A6B /* AALayoutAlgorithm.m in Sources */ = {isa = PBXBuildFile; fileRef = 27EB89EA24912A2F007E6A6B /* AALayoutAlgorithm.m */; };
		27EB89EF2491C3A0007E6A6B /* AAChartTypePro.m in Sources */ = {isa = PBXBuildFile; fileRef = 27EB89EE2491C39F007E6A6B /* AAChartTypePro.m */; };
		27EB8A1F24927BE8007E6A6B /* AATreemap.m in Sources */ = {isa = PBXBuildFile; fileRef = 27EB8A1E24927BE8007E6A6B /* AATreemap.m */; };
		27EB8A6F2497C007007E6A6B /* dependencywheelData.json in Resources */ = {isa = PBXBuildFile; fileRef = 27EB8A5F2497C006007E6A6B /* dependencywheelData.json */; };
		27EB8A702497C007007E6A6B /* columnpyramidData.json in Resources */ = {isa = PBXBuildFile; fileRef = 27EB8A602497C006007E6A6B /* columnpyramidData.json */; };
		27EB8A712497C007007E6A6B /* variwideData.json in Resources */ = {isa = PBXBuildFile; fileRef = 27EB8A612497C006007E6A6B /* variwideData.json */; };
		27EB8A722497C007007E6A6B /* treemapWithLevelsData.json in Resources */ = {isa = PBXBuildFile; fileRef = 27EB8A622497C006007E6A6B /* treemapWithLevelsData.json */; };
		27EB8A732497C007007E6A6B /* variablepieData.json in Resources */ = {isa = PBXBuildFile; fileRef = 27EB8A632497C006007E6A6B /* variablepieData.json */; };
		27EB8A742497C007007E6A6B /* heatmapData.json in Resources */ = {isa = PBXBuildFile; fileRef = 27EB8A642497C006007E6A6B /* heatmapData.json */; };
		27EB8A752497C007007E6A6B /* treemapWithColorAxisData.json in Resources */ = {isa = PBXBuildFile; fileRef = 27EB8A652497C006007E6A6B /* treemapWithColorAxisData.json */; };
		27EB8A762497C007007E6A6B /* sunburstData.json in Resources */ = {isa = PBXBuildFile; fileRef = 27EB8A662497C006007E6A6B /* sunburstData.json */; };
		27EB8A772497C007007E6A6B /* dumbbellData.json in Resources */ = {isa = PBXBuildFile; fileRef = 27EB8A672497C006007E6A6B /* dumbbellData.json */; };
		27EB8A782497C007007E6A6B /* vectorData.json in Resources */ = {isa = PBXBuildFile; fileRef = 27EB8A682497C006007E6A6B /* vectorData.json */; };
		27EB8A792497C007007E6A6B /* vennData.json in Resources */ = {isa = PBXBuildFile; fileRef = 27EB8A692497C006007E6A6B /* vennData.json */; };
		27EB8A7A2497C007007E6A6B /* sankeyData.json in Resources */ = {isa = PBXBuildFile; fileRef = 27EB8A6A2497C006007E6A6B /* sankeyData.json */; };
		27EB8A7B2497C007007E6A6B /* tilemapData.json in Resources */ = {isa = PBXBuildFile; fileRef = 27EB8A6B2497C007007E6A6B /* tilemapData.json */; };
		27EB8A7C2497C007007E6A6B /* drilldownTreemapData.json in Resources */ = {isa = PBXBuildFile; fileRef = 27EB8A6C2497C007007E6A6B /* drilldownTreemapData.json */; };
		27EB8A7D2497C007007E6A6B /* lollipopData.json in Resources */ = {isa = PBXBuildFile; fileRef = 27EB8A6D2497C007007E6A6B /* lollipopData.json */; };
		27EB8A7E2497C007007E6A6B /* bigHeatmapData.json in Resources */ = {isa = PBXBuildFile; fileRef = 27EB8A6E2497C007007E6A6B /* bigHeatmapData.json */; };
		27EB8A832497C03A007E6A6B /* AAOptionsData.m in Sources */ = {isa = PBXBuildFile; fileRef = 27EB8A802497C03A007E6A6B /* AAOptionsData.m */; };
		27EB8A842497C03A007E6A6B /* ChartProVC.m in Sources */ = {isa = PBXBuildFile; fileRef = 27EB8A822497C03A007E6A6B /* ChartProVC.m */; };
		27EB8A872497C352007E6A6B /* streamgraphSeries.json in Resources */ = {isa = PBXBuildFile; fileRef = 27EB8A862497C352007E6A6B /* streamgraphSeries.json */; };
		27EB8A892497C37D007E6A6B /* packedbubbleSeries.json in Resources */ = {isa = PBXBuildFile; fileRef = 27EB8A882497C37D007E6A6B /* packedbubbleSeries.json */; };
		27EB8A8F249B804C007E6A6B /* bellcurveData.json in Resources */ = {isa = PBXBuildFile; fileRef = 27EB8A8E249B804C007E6A6B /* bellcurveData.json */; };
		27EB8A91249B82F9007E6A6B /* itemData.json in Resources */ = {isa = PBXBuildFile; fileRef = 27EB8A90249B82F9007E6A6B /* itemData.json */; };
		27EB8A93249B8888007E6A6B /* timelineData.json in Resources */ = {isa = PBXBuildFile; fileRef = 27EB8A92249B8888007E6A6B /* timelineData.json */; };
		27EB8A95249B8AA3007E6A6B /* windbarbData.json in Resources */ = {isa = PBXBuildFile; fileRef = 27EB8A94249B8AA3007E6A6B /* windbarbData.json */; };
		27EB8A97249B8F00007E6A6B /* networkgraphData.json in Resources */ = {isa = PBXBuildFile; fileRef = 27EB8A96249B8F00007E6A6B /* networkgraphData.json */; };
		27EB8A99249B9233007E6A6B /* wordcloudData.json in Resources */ = {isa = PBXBuildFile; fileRef = 27EB8A98249B9233007E6A6B /* wordcloudData.json */; };
		27EB8AD9249C8FFB007E6A6B /* eulerData.json in Resources */ = {isa = PBXBuildFile; fileRef = 27EB8AD8249C8FFB007E6A6B /* eulerData.json */; };
		713F543D1E7B71C000D506C7 /* FirstViewController.m in Sources */ = {isa = PBXBuildFile; fileRef = 713F54381E7B71C000D506C7 /* FirstViewController.m */; };
		7172A3D81E763EA6000D5B99 /* main.m in Sources */ = {isa = PBXBuildFile; fileRef = 7172A3D71E763EA6000D5B99 /* main.m */; };
		7172A3DB1E763EA6000D5B99 /* AppDelegate.m in Sources */ = {isa = PBXBuildFile; fileRef = 7172A3DA1E763EA6000D5B99 /* AppDelegate.m */; };
		7172A3E11E763EA6000D5B99 /* Main.storyboard in Resources */ = {isa = PBXBuildFile; fileRef = 7172A3DF1E763EA6000D5B99 /* Main.storyboard */; };
		7172A3E31E763EA6000D5B99 /* Assets.xcassets in Resources */ = {isa = PBXBuildFile; fileRef = 7172A3E21E763EA6000D5B99 /* Assets.xcassets */; };
		7172A3E61E763EA6000D5B99 /* LaunchScreen.storyboard in Resources */ = {isa = PBXBuildFile; fileRef = 7172A3E41E763EA6000D5B99 /* LaunchScreen.storyboard */; };
		7172A3F11E763EA6000D5B99 /* AAChartKitTests.m in Sources */ = {isa = PBXBuildFile; fileRef = 7172A3F01E763EA6000D5B99 /* AAChartKitTests.m */; };
		7172A3FC1E763EA6000D5B99 /* AAChartKitUITests.m in Sources */ = {isa = PBXBuildFile; fileRef = 7172A3FB1E763EA6000D5B99 /* AAChartKitUITests.m */; };
		8441A6B226C21E53007EAAA7 /* AAOptions.m in Sources */ = {isa = PBXBuildFile; fileRef = 8441A6A826C21E52007EAAA7 /* AAOptions.m */; };
		8441A6B326C21E53007EAAA7 /* AAChartView.m in Sources */ = {isa = PBXBuildFile; fileRef = 8441A6AA26C21E52007EAAA7 /* AAChartView.m */; };
		8441A6B426C21E53007EAAA7 /* AAChartModel.m in Sources */ = {isa = PBXBuildFile; fileRef = 8441A6AC26C21E52007EAAA7 /* AAChartModel.m */; };
		8441A6B526C21E53007EAAA7 /* AASeriesElement.m in Sources */ = {isa = PBXBuildFile; fileRef = 8441A6AE26C21E52007EAAA7 /* AASeriesElement.m */; };
		8441A6F726C21E6C007EAAA7 /* AAStates.m in Sources */ = {isa = PBXBuildFile; fileRef = 8441A6B626C21E69007EAAA7 /* AAStates.m */; };
		8441A6F826C21E6C007EAAA7 /* AACrosshair.m in Sources */ = {isa = PBXBuildFile; fileRef = 8441A6B826C21E69007EAAA7 /* AACrosshair.m */; };
		8441A6F926C21E6C007EAAA7 /* AAYAxis.m in Sources */ = {isa = PBXBuildFile; fileRef = 8441A6B926C21E69007EAAA7 /* AAYAxis.m */; };
		8441A6FA26C21E6C007EAAA7 /* AALegend.m in Sources */ = {isa = PBXBuildFile; fileRef = 8441A6BB26C21E6A007EAAA7 /* AALegend.m */; };
		8441A6FB26C21E6C007EAAA7 /* AAShadow.m in Sources */ = {isa = PBXBuildFile; fileRef = 8441A6BC26C21E6A007EAAA7 /* AAShadow.m */; };
		8441A6FC26C21E6C007EAAA7 /* AAColumnrange.m in Sources */ = {isa = PBXBuildFile; fileRef = 8441A6BF26C21E6A007EAAA7 /* AAColumnrange.m */; };
		8441A6FD26C21E6C007EAAA7 /* AAStyle.m in Sources */ = {isa = PBXBuildFile; fileRef = 8441A6C126C21E6A007EAAA7 /* AAStyle.m */; };
		8441A6FE26C21E6C007EAAA7 /* AAMarker.m in Sources */ = {isa = PBXBuildFile; fileRef = 8441A6C326C21E6A007EAAA7 /* AAMarker.m */; };
		8441A6FF26C21E6C007EAAA7 /* AALabels.m in Sources */ = {isa = PBXBuildFile; fileRef = 8441A6C426C21E6A007EAAA7 /* AALabels.m */; };
		8441A70026C21E6C007EAAA7 /* AAPlotLinesElement.m in Sources */ = {isa = PBXBuildFile; fileRef = 8441A6C826C21E6A007EAAA7 /* AAPlotLinesElement.m */; };
		8441A70126C21E6C007EAAA7 /* AAAreaspline.m in Sources */ = {isa = PBXBuildFile; fileRef = 8441A6C926C21E6A007EAAA7 /* AAAreaspline.m */; };
		8441A70226C21E6C007EAAA7 /* AADataLabels.m in Sources */ = {isa = PBXBuildFile; fileRef = 8441A6CC26C21E6A007EAAA7 /* AADataLabels.m */; };
		8441A70326C21E6C007EAAA7 /* AAPlotOptions.m in Sources */ = {isa = PBXBuildFile; fileRef = 8441A6CF26C21E6A007EAAA7 /* AAPlotOptions.m */; };
		8441A70426C21E6C007EAAA7 /* AACredits.m in Sources */ = {isa = PBXBuildFile; fileRef = 8441A6D126C21E6A007EAAA7 /* AACredits.m */; };
		8441A70526C21E6C007EAAA7 /* AAChart.m in Sources */ = {isa = PBXBuildFile; fileRef = 8441A6D226C21E6A007EAAA7 /* AAChart.m */; };
		8441A70626C21E6C007EAAA7 /* AAColumn.m in Sources */ = {isa = PBXBuildFile; fileRef = 8441A6D426C21E6A007EAAA7 /* AAColumn.m */; };
		8441A70726C21E6C007EAAA7 /* AALine.m in Sources */ = {isa = PBXBuildFile; fileRef = 8441A6D726C21E6A007EAAA7 /* AALine.m */; };
		8441A70826C21E6C007EAAA7 /* AAAnimation.m in Sources */ = {isa = PBXBuildFile; fileRef = 8441A6D826C21E6B007EAAA7 /* AAAnimation.m */; };
		8441A70926C21E6C007EAAA7 /* AASpline.m in Sources */ = {isa = PBXBuildFile; fileRef = 8441A6D926C21E6B007EAAA7 /* AASpline.m */; };
		8441A70A26C21E6C007EAAA7 /* AALineStyle.m in Sources */ = {isa = PBXBuildFile; fileRef = 8441A6E226C21E6B007EAAA7 /* AALineStyle.m */; };
		8441A70B26C21E6C007EAAA7 /* AAArea.m in Sources */ = {isa = PBXBuildFile; fileRef = 8441A6E426C21E6B007EAAA7 /* AAArea.m */; };
		8441A70C26C21E6C007EAAA7 /* AALang.m in Sources */ = {isa = PBXBuildFile; fileRef = 8441A6E526C21E6B007EAAA7 /* AALang.m */; };
		8441A70D26C21E6C007EAAA7 /* AALabel.m in Sources */ = {isa = PBXBuildFile; fileRef = 8441A6E626C21E6B007EAAA7 /* AALabel.m */; };
		8441A70E26C21E6C007EAAA7 /* AAPlotBandsElement.m in Sources */ = {isa = PBXBuildFile; fileRef = 8441A6E726C21E6B007EAAA7 /* AAPlotBandsElement.m */; };
		8441A70F26C21E6C007EAAA7 /* AATitle.m in Sources */ = {isa = PBXBuildFile; fileRef = 8441A6E926C21E6B007EAAA7 /* AATitle.m */; };
		8441A71026C21E6C007EAAA7 /* AATooltip.m in Sources */ = {isa = PBXBuildFile; fileRef = 8441A6EC26C21E6B007EAAA7 /* AATooltip.m */; };
		8441A71126C21E6C007EAAA7 /* AASeries.m in Sources */ = {isa = PBXBuildFile; fileRef = 8441A6EE26C21E6B007EAAA7 /* AASeries.m */; };
		8441A71226C21E6C007EAAA7 /* AABar.m in Sources */ = {isa = PBXBuildFile; fileRef = 8441A6F026C21E6B007EAAA7 /* AABar.m */; };
		8441A71326C21E6C007EAAA7 /* AAXAxis.m in Sources */ = {isa = PBXBuildFile; fileRef = 8441A6F126C21E6B007EAAA7 /* AAXAxis.m */; };
		8441A71426C21E6C007EAAA7 /* AADateTimeLabelFormats.m in Sources */ = {isa = PBXBuildFile; fileRef = 8441A6F226C21E6B007EAAA7 /* AADateTimeLabelFormats.m */; };
		8441A71526C21E6C007EAAA7 /* AAPane.m in Sources */ = {isa = PBXBuildFile; fileRef = 8441A6F326C21E6B007EAAA7 /* AAPane.m */; };
		8441A71626C21E6C007EAAA7 /* AAPie.m in Sources */ = {isa = PBXBuildFile; fileRef = 8441A6F526C21E6C007EAAA7 /* AAPie.m */; };
		8441A71F26C21F02007EAAA7 /* AAColor.m in Sources */ = {isa = PBXBuildFile; fileRef = 8441A71D26C21F02007EAAA7 /* AAColor.m */; };
		8441A72026C21F02007EAAA7 /* AAGradientColor.m in Sources */ = {isa = PBXBuildFile; fileRef = 8441A71E26C21F02007EAAA7 /* AAGradientColor.m */; };
		8441A72626C21F0A007EAAA7 /* NSArray+toJSArray.m in Sources */ = {isa = PBXBuildFile; fileRef = 8441A72426C21F0A007EAAA7 /* NSArray+toJSArray.m */; };
		8441A72726C21F0A007EAAA7 /* NSString+toPureJSString.m in Sources */ = {isa = PBXBuildFile; fileRef = 8441A72526C21F0A007EAAA7 /* NSString+toPureJSString.m */; };
		84FE7BB726AED3D000B68A56 /* AABaseChartVC.m in Sources */ = {isa = PBXBuildFile; fileRef = 84FE7BA226AED3D000B68A56 /* AABaseChartVC.m */; };
/* End PBXBuildFile section */

/* Begin PBXContainerItemProxy section */
		7172A3ED1E763EA6000D5B99 /* PBXContainerItemProxy */ = {
			isa = PBXContainerItemProxy;
			containerPortal = 7172A3CB1E763EA6000D5B99 /* Project object */;
			proxyType = 1;
			remoteGlobalIDString = 7172A3D21E763EA6000D5B99;
			remoteInfo = AAChartKit;
		};
		7172A3F81E763EA6000D5B99 /* PBXContainerItemProxy */ = {
			isa = PBXContainerItemProxy;
			containerPortal = 7172A3CB1E763EA6000D5B99 /* Project object */;
			proxyType = 1;
			remoteGlobalIDString = 7172A3D21E763EA6000D5B99;
			remoteInfo = AAChartKit;
		};
/* End PBXContainerItemProxy section */

/* Begin PBXFileReference section */
		1E66D1BC210AF4EC007EAB8C /* AAJSFiles.bundle */ = {isa = PBXFileReference; lastKnownFileType = "wrapper.plug-in"; path = AAJSFiles.bundle; sourceTree = "<group>"; };
		27EB89DD248BE1C9007E6A6B /* AAColorAxis.h */ = {isa = PBXFileReference; lastKnownFileType = sourcecode.c.h; path = AAColorAxis.h; sourceTree = "<group>"; };
		27EB89DE248BE1C9007E6A6B /* AAColorAxis.m */ = {isa = PBXFileReference; lastKnownFileType = sourcecode.c.objc; path = AAColorAxis.m; sourceTree = "<group>"; };
		27EB89E0248C8F87007E6A6B /* AAOptionsSeries.h */ = {isa = PBXFileReference; lastKnownFileType = sourcecode.c.h; path = AAOptionsSeries.h; sourceTree = "<group>"; };
		27EB89E1248C8F87007E6A6B /* AAOptionsSeries.m */ = {isa = PBXFileReference; lastKnownFileType = sourcecode.c.objc; path = AAOptionsSeries.m; sourceTree = "<group>"; };
		27EB89E3249113B6007E6A6B /* AALevels.h */ = {isa = PBXFileReference; lastKnownFileType = sourcecode.c.h; path = AALevels.h; sourceTree = "<group>"; };
		27EB89E4249113B6007E6A6B /* AALevels.m */ = {isa = PBXFileReference; lastKnownFileType = sourcecode.c.objc; path = AALevels.m; sourceTree = "<group>"; };
		27EB89E62491246E007E6A6B /* AAPackedbubble.h */ = {isa = PBXFileReference; lastKnownFileType = sourcecode.c.h; path = AAPackedbubble.h; sourceTree = "<group>"; };
		27EB89E72491246E007E6A6B /* AAPackedbubble.m */ = {isa = PBXFileReference; lastKnownFileType = sourcecode.c.objc; path = AAPackedbubble.m; sourceTree = "<group>"; };
		27EB89E924912A2F007E6A6B /* AALayoutAlgorithm.h */ = {isa = PBXFileReference; lastKnownFileType = sourcecode.c.h; path = AALayoutAlgorithm.h; sourceTree = "<group>"; };
		27EB89EA24912A2F007E6A6B /* AALayoutAlgorithm.m */ = {isa = PBXFileReference; lastKnownFileType = sourcecode.c.objc; path = AALayoutAlgorithm.m; sourceTree = "<group>"; };
		27EB89ED2491C39F007E6A6B /* AAChartTypePro.h */ = {isa = PBXFileReference; lastKnownFileType = sourcecode.c.h; path = AAChartTypePro.h; sourceTree = "<group>"; };
		27EB89EE2491C39F007E6A6B /* AAChartTypePro.m */ = {isa = PBXFileReference; lastKnownFileType = sourcecode.c.objc; path = AAChartTypePro.m; sourceTree = "<group>"; };
		27EB8A1D24927BE8007E6A6B /* AATreemap.h */ = {isa = PBXFileReference; lastKnownFileType = sourcecode.c.h; path = AATreemap.h; sourceTree = "<group>"; };
		27EB8A1E24927BE8007E6A6B /* AATreemap.m */ = {isa = PBXFileReference; lastKnownFileType = sourcecode.c.objc; path = AATreemap.m; sourceTree = "<group>"; };
		27EB8A5F2497C006007E6A6B /* dependencywheelData.json */ = {isa = PBXFileReference; fileEncoding = 4; lastKnownFileType = text.json; path = dependencywheelData.json; sourceTree = "<group>"; };
		27EB8A602497C006007E6A6B /* columnpyramidData.json */ = {isa = PBXFileReference; fileEncoding = 4; lastKnownFileType = text.json; path = columnpyramidData.json; sourceTree = "<group>"; };
		27EB8A612497C006007E6A6B /* variwideData.json */ = {isa = PBXFileReference; fileEncoding = 4; lastKnownFileType = text.json; path = variwideData.json; sourceTree = "<group>"; };
		27EB8A622497C006007E6A6B /* treemapWithLevelsData.json */ = {isa = PBXFileReference; fileEncoding = 4; lastKnownFileType = text.json; path = treemapWithLevelsData.json; sourceTree = "<group>"; };
		27EB8A632497C006007E6A6B /* variablepieData.json */ = {isa = PBXFileReference; fileEncoding = 4; lastKnownFileType = text.json; path = variablepieData.json; sourceTree = "<group>"; };
		27EB8A642497C006007E6A6B /* heatmapData.json */ = {isa = PBXFileReference; fileEncoding = 4; lastKnownFileType = text.json; path = heatmapData.json; sourceTree = "<group>"; };
		27EB8A652497C006007E6A6B /* treemapWithColorAxisData.json */ = {isa = PBXFileReference; fileEncoding = 4; lastKnownFileType = text.json; path = treemapWithColorAxisData.json; sourceTree = "<group>"; };
		27EB8A662497C006007E6A6B /* sunburstData.json */ = {isa = PBXFileReference; fileEncoding = 4; lastKnownFileType = text.json; path = sunburstData.json; sourceTree = "<group>"; };
		27EB8A672497C006007E6A6B /* dumbbellData.json */ = {isa = PBXFileReference; fileEncoding = 4; lastKnownFileType = text.json; path = dumbbellData.json; sourceTree = "<group>"; };
		27EB8A682497C006007E6A6B /* vectorData.json */ = {isa = PBXFileReference; fileEncoding = 4; lastKnownFileType = text.json; path = vectorData.json; sourceTree = "<group>"; };
		27EB8A692497C006007E6A6B /* vennData.json */ = {isa = PBXFileReference; fileEncoding = 4; lastKnownFileType = text.json; path = vennData.json; sourceTree = "<group>"; };
		27EB8A6A2497C006007E6A6B /* sankeyData.json */ = {isa = PBXFileReference; fileEncoding = 4; lastKnownFileType = text.json; path = sankeyData.json; sourceTree = "<group>"; };
		27EB8A6B2497C007007E6A6B /* tilemapData.json */ = {isa = PBXFileReference; fileEncoding = 4; lastKnownFileType = text.json; path = tilemapData.json; sourceTree = "<group>"; };
		27EB8A6C2497C007007E6A6B /* drilldownTreemapData.json */ = {isa = PBXFileReference; fileEncoding = 4; lastKnownFileType = text.json; path = drilldownTreemapData.json; sourceTree = "<group>"; };
		27EB8A6D2497C007007E6A6B /* lollipopData.json */ = {isa = PBXFileReference; fileEncoding = 4; lastKnownFileType = text.json; path = lollipopData.json; sourceTree = "<group>"; };
		27EB8A6E2497C007007E6A6B /* bigHeatmapData.json */ = {isa = PBXFileReference; fileEncoding = 4; lastKnownFileType = text.json; path = bigHeatmapData.json; sourceTree = "<group>"; };
		27EB8A7F2497C03A007E6A6B /* ChartProVC.h */ = {isa = PBXFileReference; fileEncoding = 4; lastKnownFileType = sourcecode.c.h; path = ChartProVC.h; sourceTree = "<group>"; };
		27EB8A802497C03A007E6A6B /* AAOptionsData.m */ = {isa = PBXFileReference; fileEncoding = 4; lastKnownFileType = sourcecode.c.objc; path = AAOptionsData.m; sourceTree = "<group>"; };
		27EB8A812497C03A007E6A6B /* AAOptionsData.h */ = {isa = PBXFileReference; fileEncoding = 4; lastKnownFileType = sourcecode.c.h; path = AAOptionsData.h; sourceTree = "<group>"; };
		27EB8A822497C03A007E6A6B /* ChartProVC.m */ = {isa = PBXFileReference; fileEncoding = 4; lastKnownFileType = sourcecode.c.objc; path = ChartProVC.m; sourceTree = "<group>"; };
		27EB8A862497C352007E6A6B /* streamgraphSeries.json */ = {isa = PBXFileReference; lastKnownFileType = text.json; path = streamgraphSeries.json; sourceTree = "<group>"; };
		27EB8A882497C37D007E6A6B /* packedbubbleSeries.json */ = {isa = PBXFileReference; lastKnownFileType = text.json; path = packedbubbleSeries.json; sourceTree = "<group>"; };
		27EB8A8E249B804C007E6A6B /* bellcurveData.json */ = {isa = PBXFileReference; lastKnownFileType = text.json; path = bellcurveData.json; sourceTree = "<group>"; };
		27EB8A90249B82F9007E6A6B /* itemData.json */ = {isa = PBXFileReference; lastKnownFileType = text.json; path = itemData.json; sourceTree = "<group>"; };
		27EB8A92249B8888007E6A6B /* timelineData.json */ = {isa = PBXFileReference; lastKnownFileType = text.json; path = timelineData.json; sourceTree = "<group>"; };
		27EB8A94249B8AA3007E6A6B /* windbarbData.json */ = {isa = PBXFileReference; lastKnownFileType = text.json; path = windbarbData.json; sourceTree = "<group>"; };
		27EB8A96249B8F00007E6A6B /* networkgraphData.json */ = {isa = PBXFileReference; lastKnownFileType = text.json; path = networkgraphData.json; sourceTree = "<group>"; };
		27EB8A98249B9233007E6A6B /* wordcloudData.json */ = {isa = PBXFileReference; lastKnownFileType = text.json; path = wordcloudData.json; sourceTree = "<group>"; };
		27EB8AD8249C8FFB007E6A6B /* eulerData.json */ = {isa = PBXFileReference; lastKnownFileType = text.json; path = eulerData.json; sourceTree = "<group>"; };
		713F54371E7B71C000D506C7 /* FirstViewController.h */ = {isa = PBXFileReference; fileEncoding = 4; lastKnownFileType = sourcecode.c.h; path = FirstViewController.h; sourceTree = "<group>"; };
		713F54381E7B71C000D506C7 /* FirstViewController.m */ = {isa = PBXFileReference; fileEncoding = 4; lastKnownFileType = sourcecode.c.objc; path = FirstViewController.m; sourceTree = "<group>"; };
		7172A3D31E763EA6000D5B99 /* AAChartKit-ProDemo.app */ = {isa = PBXFileReference; explicitFileType = wrapper.application; includeInIndex = 0; path = "AAChartKit-ProDemo.app"; sourceTree = BUILT_PRODUCTS_DIR; };
		7172A3D71E763EA6000D5B99 /* main.m */ = {isa = PBXFileReference; lastKnownFileType = sourcecode.c.objc; path = main.m; sourceTree = "<group>"; };
		7172A3D91E763EA6000D5B99 /* AppDelegate.h */ = {isa = PBXFileReference; lastKnownFileType = sourcecode.c.h; path = AppDelegate.h; sourceTree = "<group>"; };
		7172A3DA1E763EA6000D5B99 /* AppDelegate.m */ = {isa = PBXFileReference; lastKnownFileType = sourcecode.c.objc; path = AppDelegate.m; sourceTree = "<group>"; };
		7172A3E01E763EA6000D5B99 /* Base */ = {isa = PBXFileReference; lastKnownFileType = file.storyboard; name = Base; path = Base.lproj/Main.storyboard; sourceTree = "<group>"; };
		7172A3E21E763EA6000D5B99 /* Assets.xcassets */ = {isa = PBXFileReference; lastKnownFileType = folder.assetcatalog; path = Assets.xcassets; sourceTree = "<group>"; };
		7172A3E51E763EA6000D5B99 /* Base */ = {isa = PBXFileReference; lastKnownFileType = file.storyboard; name = Base; path = Base.lproj/LaunchScreen.storyboard; sourceTree = "<group>"; };
		7172A3E71E763EA6000D5B99 /* Info.plist */ = {isa = PBXFileReference; lastKnownFileType = text.plist.xml; path = Info.plist; sourceTree = "<group>"; };
		7172A3EC1E763EA6000D5B99 /* AAChartKit-ProDemoTests.xctest */ = {isa = PBXFileReference; explicitFileType = wrapper.cfbundle; includeInIndex = 0; path = "AAChartKit-ProDemoTests.xctest"; sourceTree = BUILT_PRODUCTS_DIR; };
		7172A3F01E763EA6000D5B99 /* AAChartKitTests.m */ = {isa = PBXFileReference; lastKnownFileType = sourcecode.c.objc; path = AAChartKitTests.m; sourceTree = "<group>"; };
		7172A3F21E763EA6000D5B99 /* Info.plist */ = {isa = PBXFileReference; lastKnownFileType = text.plist.xml; path = Info.plist; sourceTree = "<group>"; };
		7172A3F71E763EA6000D5B99 /* AAChartKit-ProDemoUITests.xctest */ = {isa = PBXFileReference; explicitFileType = wrapper.cfbundle; includeInIndex = 0; path = "AAChartKit-ProDemoUITests.xctest"; sourceTree = BUILT_PRODUCTS_DIR; };
		7172A3FB1E763EA6000D5B99 /* AAChartKitUITests.m */ = {isa = PBXFileReference; lastKnownFileType = sourcecode.c.objc; path = AAChartKitUITests.m; sourceTree = "<group>"; };
		7172A3FD1E763EA6000D5B99 /* Info.plist */ = {isa = PBXFileReference; lastKnownFileType = text.plist.xml; path = Info.plist; sourceTree = "<group>"; };
		7172A4581E763FDB000D5B99 /* PrefixHeader.pch */ = {isa = PBXFileReference; lastKnownFileType = sourcecode.c.h; path = PrefixHeader.pch; sourceTree = "<group>"; };
		8441A6A826C21E52007EAAA7 /* AAOptions.m */ = {isa = PBXFileReference; fileEncoding = 4; lastKnownFileType = sourcecode.c.objc; path = AAOptions.m; sourceTree = "<group>"; };
		8441A6A926C21E52007EAAA7 /* AAGlobalMacro.h */ = {isa = PBXFileReference; fileEncoding = 4; lastKnownFileType = sourcecode.c.h; path = AAGlobalMacro.h; sourceTree = "<group>"; };
		8441A6AA26C21E52007EAAA7 /* AAChartView.m */ = {isa = PBXFileReference; fileEncoding = 4; lastKnownFileType = sourcecode.c.objc; path = AAChartView.m; sourceTree = "<group>"; };
		8441A6AB26C21E52007EAAA7 /* AAChartKit.h */ = {isa = PBXFileReference; fileEncoding = 4; lastKnownFileType = sourcecode.c.h; path = AAChartKit.h; sourceTree = "<group>"; };
		8441A6AC26C21E52007EAAA7 /* AAChartModel.m */ = {isa = PBXFileReference; fileEncoding = 4; lastKnownFileType = sourcecode.c.objc; path = AAChartModel.m; sourceTree = "<group>"; };
		8441A6AD26C21E52007EAAA7 /* AASeriesElement.h */ = {isa = PBXFileReference; fileEncoding = 4; lastKnownFileType = sourcecode.c.h; path = AASeriesElement.h; sourceTree = "<group>"; };
		8441A6AE26C21E52007EAAA7 /* AASeriesElement.m */ = {isa = PBXFileReference; fileEncoding = 4; lastKnownFileType = sourcecode.c.objc; path = AASeriesElement.m; sourceTree = "<group>"; };
		8441A6AF26C21E53007EAAA7 /* AAOptions.h */ = {isa = PBXFileReference; fileEncoding = 4; lastKnownFileType = sourcecode.c.h; path = AAOptions.h; sourceTree = "<group>"; };
		8441A6B026C21E53007EAAA7 /* AAChartModel.h */ = {isa = PBXFileReference; fileEncoding = 4; lastKnownFileType = sourcecode.c.h; path = AAChartModel.h; sourceTree = "<group>"; };
		8441A6B126C21E53007EAAA7 /* AAChartView.h */ = {isa = PBXFileReference; fileEncoding = 4; lastKnownFileType = sourcecode.c.h; path = AAChartView.h; sourceTree = "<group>"; };
		8441A6B626C21E69007EAAA7 /* AAStates.m */ = {isa = PBXFileReference; fileEncoding = 4; lastKnownFileType = sourcecode.c.objc; path = AAStates.m; sourceTree = "<group>"; };
		8441A6B726C21E69007EAAA7 /* AAStyle.h */ = {isa = PBXFileReference; fileEncoding = 4; lastKnownFileType = sourcecode.c.h; path = AAStyle.h; sourceTree = "<group>"; };
		8441A6B826C21E69007EAAA7 /* AACrosshair.m */ = {isa = PBXFileReference; fileEncoding = 4; lastKnownFileType = sourcecode.c.objc; path = AACrosshair.m; sourceTree = "<group>"; };
		8441A6B926C21E69007EAAA7 /* AAYAxis.m */ = {isa = PBXFileReference; fileEncoding = 4; lastKnownFileType = sourcecode.c.objc; path = AAYAxis.m; sourceTree = "<group>"; };
		8441A6BA26C21E69007EAAA7 /* AALine.h */ = {isa = PBXFileReference; fileEncoding = 4; lastKnownFileType = sourcecode.c.h; path = AALine.h; sourceTree = "<group>"; };
		8441A6BB26C21E6A007EAAA7 /* AALegend.m */ = {isa = PBXFileReference; fileEncoding = 4; lastKnownFileType = sourcecode.c.objc; path = AALegend.m; sourceTree = "<group>"; };
		8441A6BC26C21E6A007EAAA7 /* AAShadow.m */ = {isa = PBXFileReference; fileEncoding = 4; lastKnownFileType = sourcecode.c.objc; path = AAShadow.m; sourceTree = "<group>"; };
		8441A6BD26C21E6A007EAAA7 /* AAPie.h */ = {isa = PBXFileReference; fileEncoding = 4; lastKnownFileType = sourcecode.c.h; path = AAPie.h; sourceTree = "<group>"; };
		8441A6BE26C21E6A007EAAA7 /* AAPlotLinesElement.h */ = {isa = PBXFileReference; fileEncoding = 4; lastKnownFileType = sourcecode.c.h; path = AAPlotLinesElement.h; sourceTree = "<group>"; };
		8441A6BF26C21E6A007EAAA7 /* AAColumnrange.m */ = {isa = PBXFileReference; fileEncoding = 4; lastKnownFileType = sourcecode.c.objc; path = AAColumnrange.m; sourceTree = "<group>"; };
		8441A6C026C21E6A007EAAA7 /* AALabels.h */ = {isa = PBXFileReference; fileEncoding = 4; lastKnownFileType = sourcecode.c.h; path = AALabels.h; sourceTree = "<group>"; };
		8441A6C126C21E6A007EAAA7 /* AAStyle.m */ = {isa = PBXFileReference; fileEncoding = 4; lastKnownFileType = sourcecode.c.objc; path = AAStyle.m; sourceTree = "<group>"; };
		8441A6C226C21E6A007EAAA7 /* AADataLabels.h */ = {isa = PBXFileReference; fileEncoding = 4; lastKnownFileType = sourcecode.c.h; path = AADataLabels.h; sourceTree = "<group>"; };
		8441A6C326C21E6A007EAAA7 /* AAMarker.m */ = {isa = PBXFileReference; fileEncoding = 4; lastKnownFileType = sourcecode.c.objc; path = AAMarker.m; sourceTree = "<group>"; };
		8441A6C426C21E6A007EAAA7 /* AALabels.m */ = {isa = PBXFileReference; fileEncoding = 4; lastKnownFileType = sourcecode.c.objc; path = AALabels.m; sourceTree = "<group>"; };
		8441A6C526C21E6A007EAAA7 /* AAStates.h */ = {isa = PBXFileReference; fileEncoding = 4; lastKnownFileType = sourcecode.c.h; path = AAStates.h; sourceTree = "<group>"; };
		8441A6C626C21E6A007EAAA7 /* AAPane.h */ = {isa = PBXFileReference; fileEncoding = 4; lastKnownFileType = sourcecode.c.h; path = AAPane.h; sourceTree = "<group>"; };
		8441A6C726C21E6A007EAAA7 /* AACredits.h */ = {isa = PBXFileReference; fileEncoding = 4; lastKnownFileType = sourcecode.c.h; path = AACredits.h; sourceTree = "<group>"; };
		8441A6C826C21E6A007EAAA7 /* AAPlotLinesElement.m */ = {isa = PBXFileReference; fileEncoding = 4; lastKnownFileType = sourcecode.c.objc; path = AAPlotLinesElement.m; sourceTree = "<group>"; };
		8441A6C926C21E6A007EAAA7 /* AAAreaspline.m */ = {isa = PBXFileReference; fileEncoding = 4; lastKnownFileType = sourcecode.c.objc; path = AAAreaspline.m; sourceTree = "<group>"; };
		8441A6CA26C21E6A007EAAA7 /* AABar.h */ = {isa = PBXFileReference; fileEncoding = 4; lastKnownFileType = sourcecode.c.h; path = AABar.h; sourceTree = "<group>"; };
		8441A6CB26C21E6A007EAAA7 /* AALang.h */ = {isa = PBXFileReference; fileEncoding = 4; lastKnownFileType = sourcecode.c.h; path = AALang.h; sourceTree = "<group>"; };
		8441A6CC26C21E6A007EAAA7 /* AADataLabels.m */ = {isa = PBXFileReference; fileEncoding = 4; lastKnownFileType = sourcecode.c.objc; path = AADataLabels.m; sourceTree = "<group>"; };
		8441A6CD26C21E6A007EAAA7 /* AAMarker.h */ = {isa = PBXFileReference; fileEncoding = 4; lastKnownFileType = sourcecode.c.h; path = AAMarker.h; sourceTree = "<group>"; };
		8441A6CE26C21E6A007EAAA7 /* AALabel.h */ = {isa = PBXFileReference; fileEncoding = 4; lastKnownFileType = sourcecode.c.h; path = AALabel.h; sourceTree = "<group>"; };
		8441A6CF26C21E6A007EAAA7 /* AAPlotOptions.m */ = {isa = PBXFileReference; fileEncoding = 4; lastKnownFileType = sourcecode.c.objc; path = AAPlotOptions.m; sourceTree = "<group>"; };
		8441A6D026C21E6A007EAAA7 /* AAShadow.h */ = {isa = PBXFileReference; fileEncoding = 4; lastKnownFileType = sourcecode.c.h; path = AAShadow.h; sourceTree = "<group>"; };
		8441A6D126C21E6A007EAAA7 /* AACredits.m */ = {isa = PBXFileReference; fileEncoding = 4; lastKnownFileType = sourcecode.c.objc; path = AACredits.m; sourceTree = "<group>"; };
		8441A6D226C21E6A007EAAA7 /* AAChart.m */ = {isa = PBXFileReference; fileEncoding = 4; lastKnownFileType = sourcecode.c.objc; path = AAChart.m; sourceTree = "<group>"; };
		8441A6D326C21E6A007EAAA7 /* AAColumnrange.h */ = {isa = PBXFileReference; fileEncoding = 4; lastKnownFileType = sourcecode.c.h; path = AAColumnrange.h; sourceTree = "<group>"; };
		8441A6D426C21E6A007EAAA7 /* AAColumn.m */ = {isa = PBXFileReference; fileEncoding = 4; lastKnownFileType = sourcecode.c.objc; path = AAColumn.m; sourceTree = "<group>"; };
		8441A6D526C21E6A007EAAA7 /* AAChartAxisType.h */ = {isa = PBXFileReference; fileEncoding = 4; lastKnownFileType = sourcecode.c.h; path = AAChartAxisType.h; sourceTree = "<group>"; };
		8441A6D626C21E6A007EAAA7 /* AAChart.h */ = {isa = PBXFileReference; fileEncoding = 4; lastKnownFileType = sourcecode.c.h; path = AAChart.h; sourceTree = "<group>"; };
		8441A6D726C21E6A007EAAA7 /* AALine.m */ = {isa = PBXFileReference; fileEncoding = 4; lastKnownFileType = sourcecode.c.objc; path = AALine.m; sourceTree = "<group>"; };
		8441A6D826C21E6B007EAAA7 /* AAAnimation.m */ = {isa = PBXFileReference; fileEncoding = 4; lastKnownFileType = sourcecode.c.objc; path = AAAnimation.m; sourceTree = "<group>"; };
		8441A6D926C21E6B007EAAA7 /* AASpline.m */ = {isa = PBXFileReference; fileEncoding = 4; lastKnownFileType = sourcecode.c.objc; path = AASpline.m; sourceTree = "<group>"; };
		8441A6DA26C21E6B007EAAA7 /* AAAreaspline.h */ = {isa = PBXFileReference; fileEncoding = 4; lastKnownFileType = sourcecode.c.h; path = AAAreaspline.h; sourceTree = "<group>"; };
		8441A6DB26C21E6B007EAAA7 /* AAColumn.h */ = {isa = PBXFileReference; fileEncoding = 4; lastKnownFileType = sourcecode.c.h; path = AAColumn.h; sourceTree = "<group>"; };
		8441A6DC26C21E6B007EAAA7 /* AADateTimeLabelFormats.h */ = {isa = PBXFileReference; fileEncoding = 4; lastKnownFileType = sourcecode.c.h; path = AADateTimeLabelFormats.h; sourceTree = "<group>"; };
		8441A6DD26C21E6B007EAAA7 /* AAXAxis.h */ = {isa = PBXFileReference; fileEncoding = 4; lastKnownFileType = sourcecode.c.h; path = AAXAxis.h; sourceTree = "<group>"; };
		8441A6DE26C21E6B007EAAA7 /* AAArea.h */ = {isa = PBXFileReference; fileEncoding = 4; lastKnownFileType = sourcecode.c.h; path = AAArea.h; sourceTree = "<group>"; };
		8441A6DF26C21E6B007EAAA7 /* AACrosshair.h */ = {isa = PBXFileReference; fileEncoding = 4; lastKnownFileType = sourcecode.c.h; path = AACrosshair.h; sourceTree = "<group>"; };
		8441A6E026C21E6B007EAAA7 /* AAPlotOptions.h */ = {isa = PBXFileReference; fileEncoding = 4; lastKnownFileType = sourcecode.c.h; path = AAPlotOptions.h; sourceTree = "<group>"; };
		8441A6E126C21E6B007EAAA7 /* AALineStyle.h */ = {isa = PBXFileReference; fileEncoding = 4; lastKnownFileType = sourcecode.c.h; path = AALineStyle.h; sourceTree = "<group>"; };
		8441A6E226C21E6B007EAAA7 /* AALineStyle.m */ = {isa = PBXFileReference; fileEncoding = 4; lastKnownFileType = sourcecode.c.objc; path = AALineStyle.m; sourceTree = "<group>"; };
		8441A6E326C21E6B007EAAA7 /* AASeries.h */ = {isa = PBXFileReference; fileEncoding = 4; lastKnownFileType = sourcecode.c.h; path = AASeries.h; sourceTree = "<group>"; };
		8441A6E426C21E6B007EAAA7 /* AAArea.m */ = {isa = PBXFileReference; fileEncoding = 4; lastKnownFileType = sourcecode.c.objc; path = AAArea.m; sourceTree = "<group>"; };
		8441A6E526C21E6B007EAAA7 /* AALang.m */ = {isa = PBXFileReference; fileEncoding = 4; lastKnownFileType = sourcecode.c.objc; path = AALang.m; sourceTree = "<group>"; };
		8441A6E626C21E6B007EAAA7 /* AALabel.m */ = {isa = PBXFileReference; fileEncoding = 4; lastKnownFileType = sourcecode.c.objc; path = AALabel.m; sourceTree = "<group>"; };
		8441A6E726C21E6B007EAAA7 /* AAPlotBandsElement.m */ = {isa = PBXFileReference; fileEncoding = 4; lastKnownFileType = sourcecode.c.objc; path = AAPlotBandsElement.m; sourceTree = "<group>"; };
		8441A6E826C21E6B007EAAA7 /* AATitle.h */ = {isa = PBXFileReference; fileEncoding = 4; lastKnownFileType = sourcecode.c.h; path = AATitle.h; sourceTree = "<group>"; };
		8441A6E926C21E6B007EAAA7 /* AATitle.m */ = {isa = PBXFileReference; fileEncoding = 4; lastKnownFileType = sourcecode.c.objc; path = AATitle.m; sourceTree = "<group>"; };
		8441A6EA26C21E6B007EAAA7 /* AAYAxis.h */ = {isa = PBXFileReference; fileEncoding = 4; lastKnownFileType = sourcecode.c.h; path = AAYAxis.h; sourceTree = "<group>"; };
		8441A6EB26C21E6B007EAAA7 /* AALegend.h */ = {isa = PBXFileReference; fileEncoding = 4; lastKnownFileType = sourcecode.c.h; path = AALegend.h; sourceTree = "<group>"; };
		8441A6EC26C21E6B007EAAA7 /* AATooltip.m */ = {isa = PBXFileReference; fileEncoding = 4; lastKnownFileType = sourcecode.c.objc; path = AATooltip.m; sourceTree = "<group>"; };
		8441A6ED26C21E6B007EAAA7 /* AAAnimation.h */ = {isa = PBXFileReference; fileEncoding = 4; lastKnownFileType = sourcecode.c.h; path = AAAnimation.h; sourceTree = "<group>"; };
		8441A6EE26C21E6B007EAAA7 /* AASeries.m */ = {isa = PBXFileReference; fileEncoding = 4; lastKnownFileType = sourcecode.c.objc; path = AASeries.m; sourceTree = "<group>"; };
		8441A6EF26C21E6B007EAAA7 /* AAPlotBandsElement.h */ = {isa = PBXFileReference; fileEncoding = 4; lastKnownFileType = sourcecode.c.h; path = AAPlotBandsElement.h; sourceTree = "<group>"; };
		8441A6F026C21E6B007EAAA7 /* AABar.m */ = {isa = PBXFileReference; fileEncoding = 4; lastKnownFileType = sourcecode.c.objc; path = AABar.m; sourceTree = "<group>"; };
		8441A6F126C21E6B007EAAA7 /* AAXAxis.m */ = {isa = PBXFileReference; fileEncoding = 4; lastKnownFileType = sourcecode.c.objc; path = AAXAxis.m; sourceTree = "<group>"; };
		8441A6F226C21E6B007EAAA7 /* AADateTimeLabelFormats.m */ = {isa = PBXFileReference; fileEncoding = 4; lastKnownFileType = sourcecode.c.objc; path = AADateTimeLabelFormats.m; sourceTree = "<group>"; };
		8441A6F326C21E6B007EAAA7 /* AAPane.m */ = {isa = PBXFileReference; fileEncoding = 4; lastKnownFileType = sourcecode.c.objc; path = AAPane.m; sourceTree = "<group>"; };
		8441A6F426C21E6B007EAAA7 /* AASpline.h */ = {isa = PBXFileReference; fileEncoding = 4; lastKnownFileType = sourcecode.c.h; path = AASpline.h; sourceTree = "<group>"; };
		8441A6F526C21E6C007EAAA7 /* AAPie.m */ = {isa = PBXFileReference; fileEncoding = 4; lastKnownFileType = sourcecode.c.objc; path = AAPie.m; sourceTree = "<group>"; };
		8441A6F626C21E6C007EAAA7 /* AATooltip.h */ = {isa = PBXFileReference; fileEncoding = 4; lastKnownFileType = sourcecode.c.h; path = AATooltip.h; sourceTree = "<group>"; };
		8441A71826C21EDC007EAAA7 /* AAMarginConvenience.h */ = {isa = PBXFileReference; fileEncoding = 4; lastKnownFileType = sourcecode.c.h; path = AAMarginConvenience.h; sourceTree = "<group>"; };
		8441A71926C21EDC007EAAA7 /* AAStyleConvenience.h */ = {isa = PBXFileReference; fileEncoding = 4; lastKnownFileType = sourcecode.c.h; path = AAStyleConvenience.h; sourceTree = "<group>"; };
		8441A71B26C21F02007EAAA7 /* AAGradientColor.h */ = {isa = PBXFileReference; fileEncoding = 4; lastKnownFileType = sourcecode.c.h; path = AAGradientColor.h; sourceTree = "<group>"; };
		8441A71C26C21F02007EAAA7 /* AAColor.h */ = {isa = PBXFileReference; fileEncoding = 4; lastKnownFileType = sourcecode.c.h; path = AAColor.h; sourceTree = "<group>"; };
		8441A71D26C21F02007EAAA7 /* AAColor.m */ = {isa = PBXFileReference; fileEncoding = 4; lastKnownFileType = sourcecode.c.objc; path = AAColor.m; sourceTree = "<group>"; };
		8441A71E26C21F02007EAAA7 /* AAGradientColor.m */ = {isa = PBXFileReference; fileEncoding = 4; lastKnownFileType = sourcecode.c.objc; path = AAGradientColor.m; sourceTree = "<group>"; };
		8441A72226C21F0A007EAAA7 /* NSArray+toJSArray.h */ = {isa = PBXFileReference; fileEncoding = 4; lastKnownFileType = sourcecode.c.h; path = "NSArray+toJSArray.h"; sourceTree = "<group>"; };
		8441A72326C21F0A007EAAA7 /* NSString+toPureJSString.h */ = {isa = PBXFileReference; fileEncoding = 4; lastKnownFileType = sourcecode.c.h; path = "NSString+toPureJSString.h"; sourceTree = "<group>"; };
		8441A72426C21F0A007EAAA7 /* NSArray+toJSArray.m */ = {isa = PBXFileReference; fileEncoding = 4; lastKnownFileType = sourcecode.c.objc; path = "NSArray+toJSArray.m"; sourceTree = "<group>"; };
		8441A72526C21F0A007EAAA7 /* NSString+toPureJSString.m */ = {isa = PBXFileReference; fileEncoding = 4; lastKnownFileType = sourcecode.c.objc; path = "NSString+toPureJSString.m"; sourceTree = "<group>"; };
		84FE7B9F26AED3D000B68A56 /* AABaseChartVC.h */ = {isa = PBXFileReference; fileEncoding = 4; lastKnownFileType = sourcecode.c.h; path = AABaseChartVC.h; sourceTree = "<group>"; };
		84FE7BA226AED3D000B68A56 /* AABaseChartVC.m */ = {isa = PBXFileReference; fileEncoding = 4; lastKnownFileType = sourcecode.c.objc; path = AABaseChartVC.m; sourceTree = "<group>"; };
/* End PBXFileReference section */

/* Begin PBXFrameworksBuildPhase section */
		7172A3D01E763EA6000D5B99 /* Frameworks */ = {
			isa = PBXFrameworksBuildPhase;
			buildActionMask = 2147483647;
			files = (
			);
			runOnlyForDeploymentPostprocessing = 0;
		};
		7172A3E91E763EA6000D5B99 /* Frameworks */ = {
			isa = PBXFrameworksBuildPhase;
			buildActionMask = 2147483647;
			files = (
			);
			runOnlyForDeploymentPostprocessing = 0;
		};
		7172A3F41E763EA6000D5B99 /* Frameworks */ = {
			isa = PBXFrameworksBuildPhase;
			buildActionMask = 2147483647;
			files = (
			);
			runOnlyForDeploymentPostprocessing = 0;
		};
/* End PBXFrameworksBuildPhase section */

/* Begin PBXGroup section */
		1E66D1BB210AF4EC007EAB8C /* AAChartKit-Pro */ = {
			isa = PBXGroup;
			children = (
				1E66D1F0210AF4EC007EAB8C /* AAChartCreator */,
				275013B024BFFE26005A5D73 /* AAOptionsModel */,
				27EB89DC248BE1AC007E6A6B /* AAOptionsProModel */,
				275013A324BFF7B2005A5D73 /* AATool */,
				1E66D1BC210AF4EC007EAB8C /* AAJSFiles.bundle */,
			);
			path = "AAChartKit-Pro";
			sourceTree = "<group>";
		};
		1E66D1F0210AF4EC007EAB8C /* AAChartCreator */ = {
			isa = PBXGroup;
			children = (
				8441A6AB26C21E52007EAAA7 /* AAChartKit.h */,
				8441A6B026C21E53007EAAA7 /* AAChartModel.h */,
				8441A6AC26C21E52007EAAA7 /* AAChartModel.m */,
				8441A6B126C21E53007EAAA7 /* AAChartView.h */,
				8441A6AA26C21E52007EAAA7 /* AAChartView.m */,
				8441A6A926C21E52007EAAA7 /* AAGlobalMacro.h */,
				8441A6AF26C21E53007EAAA7 /* AAOptions.h */,
				8441A6A826C21E52007EAAA7 /* AAOptions.m */,
				8441A6AD26C21E52007EAAA7 /* AASeriesElement.h */,
				8441A6AE26C21E52007EAAA7 /* AASeriesElement.m */,
			);
			path = AAChartCreator;
			sourceTree = "<group>";
		};
		275013A324BFF7B2005A5D73 /* AATool */ = {
			isa = PBXGroup;
			children = (
				8441A72126C21F0A007EAAA7 /* Category */,
				8441A71A26C21F02007EAAA7 /* Color */,
				8441A71726C21EDC007EAAA7 /* Convenience */,
			);
			path = AATool;
			sourceTree = "<group>";
		};
		275013B024BFFE26005A5D73 /* AAOptionsModel */ = {
			isa = PBXGroup;
			children = (
				8441A6ED26C21E6B007EAAA7 /* AAAnimation.h */,
				8441A6D826C21E6B007EAAA7 /* AAAnimation.m */,
				8441A6DE26C21E6B007EAAA7 /* AAArea.h */,
				8441A6E426C21E6B007EAAA7 /* AAArea.m */,
				8441A6DA26C21E6B007EAAA7 /* AAAreaspline.h */,
				8441A6C926C21E6A007EAAA7 /* AAAreaspline.m */,
				8441A6CA26C21E6A007EAAA7 /* AABar.h */,
				8441A6F026C21E6B007EAAA7 /* AABar.m */,
				8441A6D626C21E6A007EAAA7 /* AAChart.h */,
				8441A6D226C21E6A007EAAA7 /* AAChart.m */,
				8441A6D526C21E6A007EAAA7 /* AAChartAxisType.h */,
				8441A6DB26C21E6B007EAAA7 /* AAColumn.h */,
				8441A6D426C21E6A007EAAA7 /* AAColumn.m */,
				8441A6D326C21E6A007EAAA7 /* AAColumnrange.h */,
				8441A6BF26C21E6A007EAAA7 /* AAColumnrange.m */,
				8441A6C726C21E6A007EAAA7 /* AACredits.h */,
				8441A6D126C21E6A007EAAA7 /* AACredits.m */,
				8441A6DF26C21E6B007EAAA7 /* AACrosshair.h */,
				8441A6B826C21E69007EAAA7 /* AACrosshair.m */,
				8441A6C226C21E6A007EAAA7 /* AADataLabels.h */,
				8441A6CC26C21E6A007EAAA7 /* AADataLabels.m */,
				8441A6DC26C21E6B007EAAA7 /* AADateTimeLabelFormats.h */,
				8441A6F226C21E6B007EAAA7 /* AADateTimeLabelFormats.m */,
				8441A6CE26C21E6A007EAAA7 /* AALabel.h */,
				8441A6E626C21E6B007EAAA7 /* AALabel.m */,
				8441A6C026C21E6A007EAAA7 /* AALabels.h */,
				8441A6C426C21E6A007EAAA7 /* AALabels.m */,
				8441A6CB26C21E6A007EAAA7 /* AALang.h */,
				8441A6E526C21E6B007EAAA7 /* AALang.m */,
				8441A6EB26C21E6B007EAAA7 /* AALegend.h */,
				8441A6BB26C21E6A007EAAA7 /* AALegend.m */,
				8441A6BA26C21E69007EAAA7 /* AALine.h */,
				8441A6D726C21E6A007EAAA7 /* AALine.m */,
				8441A6E126C21E6B007EAAA7 /* AALineStyle.h */,
				8441A6E226C21E6B007EAAA7 /* AALineStyle.m */,
				8441A6CD26C21E6A007EAAA7 /* AAMarker.h */,
				8441A6C326C21E6A007EAAA7 /* AAMarker.m */,
				8441A6C626C21E6A007EAAA7 /* AAPane.h */,
				8441A6F326C21E6B007EAAA7 /* AAPane.m */,
				8441A6BD26C21E6A007EAAA7 /* AAPie.h */,
				8441A6F526C21E6C007EAAA7 /* AAPie.m */,
				8441A6EF26C21E6B007EAAA7 /* AAPlotBandsElement.h */,
				8441A6E726C21E6B007EAAA7 /* AAPlotBandsElement.m */,
				8441A6BE26C21E6A007EAAA7 /* AAPlotLinesElement.h */,
				8441A6C826C21E6A007EAAA7 /* AAPlotLinesElement.m */,
				8441A6E026C21E6B007EAAA7 /* AAPlotOptions.h */,
				8441A6CF26C21E6A007EAAA7 /* AAPlotOptions.m */,
				8441A6E326C21E6B007EAAA7 /* AASeries.h */,
				8441A6EE26C21E6B007EAAA7 /* AASeries.m */,
				8441A6D026C21E6A007EAAA7 /* AAShadow.h */,
				8441A6BC26C21E6A007EAAA7 /* AAShadow.m */,
				8441A6F426C21E6B007EAAA7 /* AASpline.h */,
				8441A6D926C21E6B007EAAA7 /* AASpline.m */,
				8441A6C526C21E6A007EAAA7 /* AAStates.h */,
				8441A6B626C21E69007EAAA7 /* AAStates.m */,
				8441A6B726C21E69007EAAA7 /* AAStyle.h */,
				8441A6C126C21E6A007EAAA7 /* AAStyle.m */,
				8441A6E826C21E6B007EAAA7 /* AATitle.h */,
				8441A6E926C21E6B007EAAA7 /* AATitle.m */,
				8441A6F626C21E6C007EAAA7 /* AATooltip.h */,
				8441A6EC26C21E6B007EAAA7 /* AATooltip.m */,
				8441A6DD26C21E6B007EAAA7 /* AAXAxis.h */,
				8441A6F126C21E6B007EAAA7 /* AAXAxis.m */,
				8441A6EA26C21E6B007EAAA7 /* AAYAxis.h */,
				8441A6B926C21E69007EAAA7 /* AAYAxis.m */,
			);
			path = AAOptionsModel;
			sourceTree = "<group>";
		};
		27EB89DC248BE1AC007E6A6B /* AAOptionsProModel */ = {
			isa = PBXGroup;
			children = (
				27EB89DD248BE1C9007E6A6B /* AAColorAxis.h */,
				27EB89DE248BE1C9007E6A6B /* AAColorAxis.m */,
				27EB89E3249113B6007E6A6B /* AALevels.h */,
				27EB89E4249113B6007E6A6B /* AALevels.m */,
				27EB89E62491246E007E6A6B /* AAPackedbubble.h */,
				27EB89E72491246E007E6A6B /* AAPackedbubble.m */,
				27EB8A1D24927BE8007E6A6B /* AATreemap.h */,
				27EB8A1E24927BE8007E6A6B /* AATreemap.m */,
				27EB89E924912A2F007E6A6B /* AALayoutAlgorithm.h */,
				27EB89EA24912A2F007E6A6B /* AALayoutAlgorithm.m */,
				27EB89ED2491C39F007E6A6B /* AAChartTypePro.h */,
				27EB89EE2491C39F007E6A6B /* AAChartTypePro.m */,
			);
			path = AAOptionsProModel;
			sourceTree = "<group>";
		};
		27EB8A1C249276DF007E6A6B /* DataJsonFiles */ = {
			isa = PBXGroup;
			children = (
				27EB8A6E2497C007007E6A6B /* bigHeatmapData.json */,
				27EB8A602497C006007E6A6B /* columnpyramidData.json */,
				27EB8A5F2497C006007E6A6B /* dependencywheelData.json */,
				27EB8A6C2497C007007E6A6B /* drilldownTreemapData.json */,
				27EB8A672497C006007E6A6B /* dumbbellData.json */,
				27EB8A642497C006007E6A6B /* heatmapData.json */,
				27EB8A6D2497C007007E6A6B /* lollipopData.json */,
				27EB8A6A2497C006007E6A6B /* sankeyData.json */,
				27EB8A662497C006007E6A6B /* sunburstData.json */,
				27EB8A6B2497C007007E6A6B /* tilemapData.json */,
				27EB8A652497C006007E6A6B /* treemapWithColorAxisData.json */,
				27EB8A622497C006007E6A6B /* treemapWithLevelsData.json */,
				27EB8A632497C006007E6A6B /* variablepieData.json */,
				27EB8A612497C006007E6A6B /* variwideData.json */,
				27EB8A682497C006007E6A6B /* vectorData.json */,
				27EB8A692497C006007E6A6B /* vennData.json */,
				27EB8A8E249B804C007E6A6B /* bellcurveData.json */,
				27EB8A90249B82F9007E6A6B /* itemData.json */,
				27EB8A92249B8888007E6A6B /* timelineData.json */,
				27EB8A94249B8AA3007E6A6B /* windbarbData.json */,
				27EB8A96249B8F00007E6A6B /* networkgraphData.json */,
				27EB8A98249B9233007E6A6B /* wordcloudData.json */,
				27EB8AD8249C8FFB007E6A6B /* eulerData.json */,
			);
			path = DataJsonFiles;
			sourceTree = "<group>";
		};
		27EB8A222495C1F2007E6A6B /* AAChartKit-Pro */ = {
			isa = PBXGroup;
			children = (
				84FE7B9F26AED3D000B68A56 /* AABaseChartVC.h */,
				84FE7BA226AED3D000B68A56 /* AABaseChartVC.m */,
				27EB8A7F2497C03A007E6A6B /* ChartProVC.h */,
				27EB8A822497C03A007E6A6B /* ChartProVC.m */,
				27EB89E0248C8F87007E6A6B /* AAOptionsSeries.h */,
				27EB89E1248C8F87007E6A6B /* AAOptionsSeries.m */,
				27EB8A812497C03A007E6A6B /* AAOptionsData.h */,
				27EB8A802497C03A007E6A6B /* AAOptionsData.m */,
				27EB8A8A2497C4E7007E6A6B /* SeriesJsonFiles */,
				27EB8A1C249276DF007E6A6B /* DataJsonFiles */,
			);
			path = "AAChartKit-Pro";
			sourceTree = "<group>";
		};
		27EB8A8A2497C4E7007E6A6B /* SeriesJsonFiles */ = {
			isa = PBXGroup;
			children = (
				27EB8A862497C352007E6A6B /* streamgraphSeries.json */,
				27EB8A882497C37D007E6A6B /* packedbubbleSeries.json */,
			);
			path = SeriesJsonFiles;
			sourceTree = "<group>";
		};
		713F54341E7B71C000D506C7 /* ChartsDemo */ = {
			isa = PBXGroup;
			children = (
				713F54371E7B71C000D506C7 /* FirstViewController.h */,
				713F54381E7B71C000D506C7 /* FirstViewController.m */,
				27EB8A222495C1F2007E6A6B /* AAChartKit-Pro */,
			);
			path = ChartsDemo;
			sourceTree = "<group>";
		};
		7172A3CA1E763EA6000D5B99 = {
			isa = PBXGroup;
			children = (
				1E66D1BB210AF4EC007EAB8C /* AAChartKit-Pro */,
				7172A3D51E763EA6000D5B99 /* AAChartKit-ProDemo */,
				7172A3EF1E763EA6000D5B99 /* AAChartKit-ProDemoTests */,
				7172A3FA1E763EA6000D5B99 /* AAChartKit-ProDemoUITests */,
				7172A3D41E763EA6000D5B99 /* Products */,
			);
			sourceTree = "<group>";
		};
		7172A3D41E763EA6000D5B99 /* Products */ = {
			isa = PBXGroup;
			children = (
				7172A3D31E763EA6000D5B99 /* AAChartKit-ProDemo.app */,
				7172A3EC1E763EA6000D5B99 /* AAChartKit-ProDemoTests.xctest */,
				7172A3F71E763EA6000D5B99 /* AAChartKit-ProDemoUITests.xctest */,
			);
			name = Products;
			sourceTree = "<group>";
		};
		7172A3D51E763EA6000D5B99 /* AAChartKit-ProDemo */ = {
			isa = PBXGroup;
			children = (
				713F54341E7B71C000D506C7 /* ChartsDemo */,
				7172A4581E763FDB000D5B99 /* PrefixHeader.pch */,
				7172A3D91E763EA6000D5B99 /* AppDelegate.h */,
				7172A3DA1E763EA6000D5B99 /* AppDelegate.m */,
				7172A3DF1E763EA6000D5B99 /* Main.storyboard */,
				7172A3E41E763EA6000D5B99 /* LaunchScreen.storyboard */,
				7172A3E21E763EA6000D5B99 /* Assets.xcassets */,
				7172A3E71E763EA6000D5B99 /* Info.plist */,
				7172A3D61E763EA6000D5B99 /* Supporting Files */,
			);
			path = "AAChartKit-ProDemo";
			sourceTree = "<group>";
		};
		7172A3D61E763EA6000D5B99 /* Supporting Files */ = {
			isa = PBXGroup;
			children = (
				7172A3D71E763EA6000D5B99 /* main.m */,
			);
			name = "Supporting Files";
			sourceTree = "<group>";
		};
		7172A3EF1E763EA6000D5B99 /* AAChartKit-ProDemoTests */ = {
			isa = PBXGroup;
			children = (
				7172A3F01E763EA6000D5B99 /* AAChartKitTests.m */,
				7172A3F21E763EA6000D5B99 /* Info.plist */,
			);
			path = "AAChartKit-ProDemoTests";
			sourceTree = "<group>";
		};
		7172A3FA1E763EA6000D5B99 /* AAChartKit-ProDemoUITests */ = {
			isa = PBXGroup;
			children = (
				7172A3FB1E763EA6000D5B99 /* AAChartKitUITests.m */,
				7172A3FD1E763EA6000D5B99 /* Info.plist */,
			);
			path = "AAChartKit-ProDemoUITests";
			sourceTree = "<group>";
		};
		8441A71726C21EDC007EAAA7 /* Convenience */ = {
			isa = PBXGroup;
			children = (
				8441A71826C21EDC007EAAA7 /* AAMarginConvenience.h */,
				8441A71926C21EDC007EAAA7 /* AAStyleConvenience.h */,
			);
			path = Convenience;
			sourceTree = "<group>";
		};
		8441A71A26C21F02007EAAA7 /* Color */ = {
			isa = PBXGroup;
			children = (
				8441A71B26C21F02007EAAA7 /* AAGradientColor.h */,
				8441A71C26C21F02007EAAA7 /* AAColor.h */,
				8441A71D26C21F02007EAAA7 /* AAColor.m */,
				8441A71E26C21F02007EAAA7 /* AAGradientColor.m */,
			);
			path = Color;
			sourceTree = "<group>";
		};
		8441A72126C21F0A007EAAA7 /* Category */ = {
			isa = PBXGroup;
			children = (
				8441A72226C21F0A007EAAA7 /* NSArray+toJSArray.h */,
				8441A72326C21F0A007EAAA7 /* NSString+toPureJSString.h */,
				8441A72426C21F0A007EAAA7 /* NSArray+toJSArray.m */,
				8441A72526C21F0A007EAAA7 /* NSString+toPureJSString.m */,
			);
			path = Category;
			sourceTree = "<group>";
		};
/* End PBXGroup section */

/* Begin PBXNativeTarget section */
		7172A3D21E763EA6000D5B99 /* AAChartKit-ProDemo */ = {
			isa = PBXNativeTarget;
			buildConfigurationList = 7172A4001E763EA6000D5B99 /* Build configuration list for PBXNativeTarget "AAChartKit-ProDemo" */;
			buildPhases = (
				7172A3CF1E763EA6000D5B99 /* Sources */,
				7172A3D01E763EA6000D5B99 /* Frameworks */,
				7172A3D11E763EA6000D5B99 /* Resources */,
			);
			buildRules = (
			);
			dependencies = (
			);
			name = "AAChartKit-ProDemo";
			productName = AAChartKit;
			productReference = 7172A3D31E763EA6000D5B99 /* AAChartKit-ProDemo.app */;
			productType = "com.apple.product-type.application";
		};
		7172A3EB1E763EA6000D5B99 /* AAChartKit-ProDemoTests */ = {
			isa = PBXNativeTarget;
			buildConfigurationList = 7172A4031E763EA6000D5B99 /* Build configuration list for PBXNativeTarget "AAChartKit-ProDemoTests" */;
			buildPhases = (
				7172A3E81E763EA6000D5B99 /* Sources */,
				7172A3E91E763EA6000D5B99 /* Frameworks */,
				7172A3EA1E763EA6000D5B99 /* Resources */,
			);
			buildRules = (
			);
			dependencies = (
				7172A3EE1E763EA6000D5B99 /* PBXTargetDependency */,
			);
			name = "AAChartKit-ProDemoTests";
			productName = AAChartKitTests;
			productReference = 7172A3EC1E763EA6000D5B99 /* AAChartKit-ProDemoTests.xctest */;
			productType = "com.apple.product-type.bundle.unit-test";
		};
		7172A3F61E763EA6000D5B99 /* AAChartKit-ProDemoUITests */ = {
			isa = PBXNativeTarget;
			buildConfigurationList = 7172A4061E763EA6000D5B99 /* Build configuration list for PBXNativeTarget "AAChartKit-ProDemoUITests" */;
			buildPhases = (
				7172A3F31E763EA6000D5B99 /* Sources */,
				7172A3F41E763EA6000D5B99 /* Frameworks */,
				7172A3F51E763EA6000D5B99 /* Resources */,
			);
			buildRules = (
			);
			dependencies = (
				7172A3F91E763EA6000D5B99 /* PBXTargetDependency */,
			);
			name = "AAChartKit-ProDemoUITests";
			productName = AAChartKitUITests;
			productReference = 7172A3F71E763EA6000D5B99 /* AAChartKit-ProDemoUITests.xctest */;
			productType = "com.apple.product-type.bundle.ui-testing";
		};
/* End PBXNativeTarget section */

/* Begin PBXProject section */
		7172A3CB1E763EA6000D5B99 /* Project object */ = {
			isa = PBXProject;
			attributes = {
				LastUpgradeCheck = 0820;
				ORGANIZATIONNAME = "Danny boy";
				TargetAttributes = {
					7172A3D21E763EA6000D5B99 = {
						CreatedOnToolsVersion = 8.2.1;
						DevelopmentTeam = BPAYP34L8N;
						ProvisioningStyle = Automatic;
					};
					7172A3EB1E763EA6000D5B99 = {
						CreatedOnToolsVersion = 8.2.1;
						ProvisioningStyle = Automatic;
						TestTargetID = 7172A3D21E763EA6000D5B99;
					};
					7172A3F61E763EA6000D5B99 = {
						CreatedOnToolsVersion = 8.2.1;
						ProvisioningStyle = Automatic;
						TestTargetID = 7172A3D21E763EA6000D5B99;
					};
				};
			};
			buildConfigurationList = 7172A3CE1E763EA6000D5B99 /* Build configuration list for PBXProject "AAChartKit-ProDemo" */;
			compatibilityVersion = "Xcode 3.2";
			developmentRegion = English;
			hasScannedForEncodings = 0;
			knownRegions = (
				English,
				en,
				Base,
			);
			mainGroup = 7172A3CA1E763EA6000D5B99;
			productRefGroup = 7172A3D41E763EA6000D5B99 /* Products */;
			projectDirPath = "";
			projectRoot = "";
			targets = (
				7172A3D21E763EA6000D5B99 /* AAChartKit-ProDemo */,
				7172A3EB1E763EA6000D5B99 /* AAChartKit-ProDemoTests */,
				7172A3F61E763EA6000D5B99 /* AAChartKit-ProDemoUITests */,
			);
		};
/* End PBXProject section */

/* Begin PBXResourcesBuildPhase section */
		7172A3D11E763EA6000D5B99 /* Resources */ = {
			isa = PBXResourcesBuildPhase;
			buildActionMask = 2147483647;
			files = (
				27EB8A7C2497C007007E6A6B /* drilldownTreemapData.json in Resources */,
				27EB8A792497C007007E6A6B /* vennData.json in Resources */,
				27EB8A712497C007007E6A6B /* variwideData.json in Resources */,
				27EB8A8F249B804C007E6A6B /* bellcurveData.json in Resources */,
				27EB8A722497C007007E6A6B /* treemapWithLevelsData.json in Resources */,
				27EB8A782497C007007E6A6B /* vectorData.json in Resources */,
				27EB8A91249B82F9007E6A6B /* itemData.json in Resources */,
				27EB8A732497C007007E6A6B /* variablepieData.json in Resources */,
				27EB8A892497C37D007E6A6B /* packedbubbleSeries.json in Resources */,
				27EB8A6F2497C007007E6A6B /* dependencywheelData.json in Resources */,
				27EB8A752497C007007E6A6B /* treemapWithColorAxisData.json in Resources */,
				27EB8A7D2497C007007E6A6B /* lollipopData.json in Resources */,
				27EB8AD9249C8FFB007E6A6B /* eulerData.json in Resources */,
				27EB8A762497C007007E6A6B /* sunburstData.json in Resources */,
				27EB8A742497C007007E6A6B /* heatmapData.json in Resources */,
				27EB8A97249B8F00007E6A6B /* networkgraphData.json in Resources */,
				27EB8A99249B9233007E6A6B /* wordcloudData.json in Resources */,
				27EB8A772497C007007E6A6B /* dumbbellData.json in Resources */,
				27EB8A93249B8888007E6A6B /* timelineData.json in Resources */,
				27EB8A872497C352007E6A6B /* streamgraphSeries.json in Resources */,
				27EB8A7B2497C007007E6A6B /* tilemapData.json in Resources */,
				27EB8A95249B8AA3007E6A6B /* windbarbData.json in Resources */,
				1E66D1FB210AF4ED007EAB8C /* AAJSFiles.bundle in Resources */,
				27EB8A702497C007007E6A6B /* columnpyramidData.json in Resources */,
				27EB8A7E2497C007007E6A6B /* bigHeatmapData.json in Resources */,
				27EB8A7A2497C007007E6A6B /* sankeyData.json in Resources */,
				7172A3E61E763EA6000D5B99 /* LaunchScreen.storyboard in Resources */,
				7172A3E31E763EA6000D5B99 /* Assets.xcassets in Resources */,
				7172A3E11E763EA6000D5B99 /* Main.storyboard in Resources */,
			);
			runOnlyForDeploymentPostprocessing = 0;
		};
		7172A3EA1E763EA6000D5B99 /* Resources */ = {
			isa = PBXResourcesBuildPhase;
			buildActionMask = 2147483647;
			files = (
			);
			runOnlyForDeploymentPostprocessing = 0;
		};
		7172A3F51E763EA6000D5B99 /* Resources */ = {
			isa = PBXResourcesBuildPhase;
			buildActionMask = 2147483647;
			files = (
			);
			runOnlyForDeploymentPostprocessing = 0;
		};
/* End PBXResourcesBuildPhase section */

/* Begin PBXSourcesBuildPhase section */
		7172A3CF1E763EA6000D5B99 /* Sources */ = {
			isa = PBXSourcesBuildPhase;
			buildActionMask = 2147483647;
			files = (
				8441A70526C21E6C007EAAA7 /* AAChart.m in Sources */,
				8441A70126C21E6C007EAAA7 /* AAAreaspline.m in Sources */,
				8441A70D26C21E6C007EAAA7 /* AALabel.m in Sources */,
				27EB89E82491246E007E6A6B /* AAPackedbubble.m in Sources */,
				8441A70C26C21E6C007EAAA7 /* AALang.m in Sources */,
				8441A70A26C21E6C007EAAA7 /* AALineStyle.m in Sources */,
				8441A70326C21E6C007EAAA7 /* AAPlotOptions.m in Sources */,
				8441A70426C21E6C007EAAA7 /* AACredits.m in Sources */,
				8441A71226C21E6C007EAAA7 /* AABar.m in Sources */,
				8441A6F926C21E6C007EAAA7 /* AAYAxis.m in Sources */,
				8441A6FB26C21E6C007EAAA7 /* AAShadow.m in Sources */,
				27EB89DF248BE1C9007E6A6B /* AAColorAxis.m in Sources */,
				8441A6FE26C21E6C007EAAA7 /* AAMarker.m in Sources */,
				8441A71426C21E6C007EAAA7 /* AADateTimeLabelFormats.m in Sources */,
				8441A6FF26C21E6C007EAAA7 /* AALabels.m in Sources */,
				8441A6B226C21E53007EAAA7 /* AAOptions.m in Sources */,
				27EB89E2248C8F87007E6A6B /* AAOptionsSeries.m in Sources */,
				8441A71F26C21F02007EAAA7 /* AAColor.m in Sources */,
				8441A6FD26C21E6C007EAAA7 /* AAStyle.m in Sources */,
				8441A70826C21E6C007EAAA7 /* AAAnimation.m in Sources */,
				8441A6FA26C21E6C007EAAA7 /* AALegend.m in Sources */,
				8441A71626C21E6C007EAAA7 /* AAPie.m in Sources */,
				84FE7BB726AED3D000B68A56 /* AABaseChartVC.m in Sources */,
				8441A70026C21E6C007EAAA7 /* AAPlotLinesElement.m in Sources */,
				8441A72026C21F02007EAAA7 /* AAGradientColor.m in Sources */,
				27EB8A832497C03A007E6A6B /* AAOptionsData.m in Sources */,
				8441A6B426C21E53007EAAA7 /* AAChartModel.m in Sources */,
				8441A70926C21E6C007EAAA7 /* AASpline.m in Sources */,
				8441A6F726C21E6C007EAAA7 /* AAStates.m in Sources */,
				8441A70626C21E6C007EAAA7 /* AAColumn.m in Sources */,
				27EB89EB24912A2F007E6A6B /* AALayoutAlgorithm.m in Sources */,
				8441A72726C21F0A007EAAA7 /* NSString+toPureJSString.m in Sources */,
				27EB8A1F24927BE8007E6A6B /* AATreemap.m in Sources */,
				8441A6B526C21E53007EAAA7 /* AASeriesElement.m in Sources */,
				8441A70E26C21E6C007EAAA7 /* AAPlotBandsElement.m in Sources */,
				8441A71026C21E6C007EAAA7 /* AATooltip.m in Sources */,
				7172A3DB1E763EA6000D5B99 /* AppDelegate.m in Sources */,
				27EB89E5249113B6007E6A6B /* AALevels.m in Sources */,
				8441A70226C21E6C007EAAA7 /* AADataLabels.m in Sources */,
				8441A6B326C21E53007EAAA7 /* AAChartView.m in Sources */,
				8441A70B26C21E6C007EAAA7 /* AAArea.m in Sources */,
				8441A72626C21F0A007EAAA7 /* NSArray+toJSArray.m in Sources */,
				8441A70726C21E6C007EAAA7 /* AALine.m in Sources */,
				8441A71526C21E6C007EAAA7 /* AAPane.m in Sources */,
				27EB89EF2491C3A0007E6A6B /* AAChartTypePro.m in Sources */,
				8441A6F826C21E6C007EAAA7 /* AACrosshair.m in Sources */,
				8441A71326C21E6C007EAAA7 /* AAXAxis.m in Sources */,
				7172A3D81E763EA6000D5B99 /* main.m in Sources */,
				27EB8A842497C03A007E6A6B /* ChartProVC.m in Sources */,
				713F543D1E7B71C000D506C7 /* FirstViewController.m in Sources */,
				8441A71126C21E6C007EAAA7 /* AASeries.m in Sources */,
				8441A70F26C21E6C007EAAA7 /* AATitle.m in Sources */,
				8441A6FC26C21E6C007EAAA7 /* AAColumnrange.m in Sources */,
			);
			runOnlyForDeploymentPostprocessing = 0;
		};
		7172A3E81E763EA6000D5B99 /* Sources */ = {
			isa = PBXSourcesBuildPhase;
			buildActionMask = 2147483647;
			files = (
				7172A3F11E763EA6000D5B99 /* AAChartKitTests.m in Sources */,
			);
			runOnlyForDeploymentPostprocessing = 0;
		};
		7172A3F31E763EA6000D5B99 /* Sources */ = {
			isa = PBXSourcesBuildPhase;
			buildActionMask = 2147483647;
			files = (
				7172A3FC1E763EA6000D5B99 /* AAChartKitUITests.m in Sources */,
			);
			runOnlyForDeploymentPostprocessing = 0;
		};
/* End PBXSourcesBuildPhase section */

/* Begin PBXTargetDependency section */
		7172A3EE1E763EA6000D5B99 /* PBXTargetDependency */ = {
			isa = PBXTargetDependency;
			target = 7172A3D21E763EA6000D5B99 /* AAChartKit-ProDemo */;
			targetProxy = 7172A3ED1E763EA6000D5B99 /* PBXContainerItemProxy */;
		};
		7172A3F91E763EA6000D5B99 /* PBXTargetDependency */ = {
			isa = PBXTargetDependency;
			target = 7172A3D21E763EA6000D5B99 /* AAChartKit-ProDemo */;
			targetProxy = 7172A3F81E763EA6000D5B99 /* PBXContainerItemProxy */;
		};
/* End PBXTargetDependency section */

/* Begin PBXVariantGroup section */
		7172A3DF1E763EA6000D5B99 /* Main.storyboard */ = {
			isa = PBXVariantGroup;
			children = (
				7172A3E01E763EA6000D5B99 /* Base */,
			);
			name = Main.storyboard;
			sourceTree = "<group>";
		};
		7172A3E41E763EA6000D5B99 /* LaunchScreen.storyboard */ = {
			isa = PBXVariantGroup;
			children = (
				7172A3E51E763EA6000D5B99 /* Base */,
			);
			name = LaunchScreen.storyboard;
			sourceTree = "<group>";
		};
/* End PBXVariantGroup section */

/* Begin XCBuildConfiguration section */
		7172A3FE1E763EA6000D5B99 /* Debug */ = {
			isa = XCBuildConfiguration;
			buildSettings = {
				ALWAYS_SEARCH_USER_PATHS = NO;
				CLANG_ANALYZER_NONNULL = YES;
				CLANG_CXX_LANGUAGE_STANDARD = "gnu++0x";
				CLANG_CXX_LIBRARY = "libc++";
				CLANG_ENABLE_MODULES = YES;
				CLANG_ENABLE_OBJC_ARC = YES;
				CLANG_WARN_BOOL_CONVERSION = YES;
				CLANG_WARN_CONSTANT_CONVERSION = YES;
				CLANG_WARN_DIRECT_OBJC_ISA_USAGE = YES_ERROR;
				CLANG_WARN_DOCUMENTATION_COMMENTS = YES;
				CLANG_WARN_EMPTY_BODY = YES;
				CLANG_WARN_ENUM_CONVERSION = YES;
				CLANG_WARN_INFINITE_RECURSION = YES;
				CLANG_WARN_INT_CONVERSION = YES;
				CLANG_WARN_OBJC_ROOT_CLASS = YES_ERROR;
				CLANG_WARN_SUSPICIOUS_MOVE = YES;
				CLANG_WARN_UNREACHABLE_CODE = YES;
				CLANG_WARN__DUPLICATE_METHOD_MATCH = YES;
				"CODE_SIGN_IDENTITY[sdk=iphoneos*]" = "iPhone Developer";
				COPY_PHASE_STRIP = NO;
				DEBUG_INFORMATION_FORMAT = dwarf;
				ENABLE_STRICT_OBJC_MSGSEND = YES;
				ENABLE_TESTABILITY = YES;
				GCC_C_LANGUAGE_STANDARD = gnu99;
				GCC_DYNAMIC_NO_PIC = NO;
				GCC_NO_COMMON_BLOCKS = YES;
				GCC_OPTIMIZATION_LEVEL = 0;
				GCC_PREPROCESSOR_DEFINITIONS = (
					"DEBUG=1",
					"$(inherited)",
				);
				GCC_WARN_64_TO_32_BIT_CONVERSION = YES;
				GCC_WARN_ABOUT_RETURN_TYPE = YES_ERROR;
				GCC_WARN_UNDECLARED_SELECTOR = YES;
				GCC_WARN_UNINITIALIZED_AUTOS = YES_AGGRESSIVE;
				GCC_WARN_UNUSED_FUNCTION = YES;
				GCC_WARN_UNUSED_VARIABLE = YES;
				IPHONEOS_DEPLOYMENT_TARGET = 10.0;
				MTL_ENABLE_DEBUG_INFO = YES;
				ONLY_ACTIVE_ARCH = YES;
				SDKROOT = iphoneos;
				TARGETED_DEVICE_FAMILY = "1,2";
			};
			name = Debug;
		};
		7172A3FF1E763EA6000D5B99 /* Release */ = {
			isa = XCBuildConfiguration;
			buildSettings = {
				ALWAYS_SEARCH_USER_PATHS = NO;
				CLANG_ANALYZER_NONNULL = YES;
				CLANG_CXX_LANGUAGE_STANDARD = "gnu++0x";
				CLANG_CXX_LIBRARY = "libc++";
				CLANG_ENABLE_MODULES = YES;
				CLANG_ENABLE_OBJC_ARC = YES;
				CLANG_WARN_BOOL_CONVERSION = YES;
				CLANG_WARN_CONSTANT_CONVERSION = YES;
				CLANG_WARN_DIRECT_OBJC_ISA_USAGE = YES_ERROR;
				CLANG_WARN_DOCUMENTATION_COMMENTS = YES;
				CLANG_WARN_EMPTY_BODY = YES;
				CLANG_WARN_ENUM_CONVERSION = YES;
				CLANG_WARN_INFINITE_RECURSION = YES;
				CLANG_WARN_INT_CONVERSION = YES;
				CLANG_WARN_OBJC_ROOT_CLASS = YES_ERROR;
				CLANG_WARN_SUSPICIOUS_MOVE = YES;
				CLANG_WARN_UNREACHABLE_CODE = YES;
				CLANG_WARN__DUPLICATE_METHOD_MATCH = YES;
				"CODE_SIGN_IDENTITY[sdk=iphoneos*]" = "iPhone Developer";
				COPY_PHASE_STRIP = NO;
				DEBUG_INFORMATION_FORMAT = "dwarf-with-dsym";
				ENABLE_NS_ASSERTIONS = NO;
				ENABLE_STRICT_OBJC_MSGSEND = YES;
				GCC_C_LANGUAGE_STANDARD = gnu99;
				GCC_NO_COMMON_BLOCKS = YES;
				GCC_WARN_64_TO_32_BIT_CONVERSION = YES;
				GCC_WARN_ABOUT_RETURN_TYPE = YES_ERROR;
				GCC_WARN_UNDECLARED_SELECTOR = YES;
				GCC_WARN_UNINITIALIZED_AUTOS = YES_AGGRESSIVE;
				GCC_WARN_UNUSED_FUNCTION = YES;
				GCC_WARN_UNUSED_VARIABLE = YES;
				IPHONEOS_DEPLOYMENT_TARGET = 10.0;
				MTL_ENABLE_DEBUG_INFO = NO;
				SDKROOT = iphoneos;
				TARGETED_DEVICE_FAMILY = "1,2";
				VALIDATE_PRODUCT = YES;
			};
			name = Release;
		};
		7172A4011E763EA6000D5B99 /* Debug */ = {
			isa = XCBuildConfiguration;
			buildSettings = {
				ASSETCATALOG_COMPILER_APPICON_NAME = AppIcon;
				DEVELOPMENT_TEAM = BPAYP34L8N;
				GCC_PRECOMPILE_PREFIX_HEADER = YES;
				GCC_PREFIX_HEADER = "$(SRCROOT)/AAChartKit-ProDemo/PrefixHeader.pch";
				INFOPLIST_FILE = "AAChartKit-ProDemo/Info.plist";
				IPHONEOS_DEPLOYMENT_TARGET = 8.0;
				LD_RUNPATH_SEARCH_PATHS = "$(inherited) @executable_path/Frameworks";
				PRODUCT_BUNDLE_IDENTIFIER = AAChartKithihiuhuihiuhi;
				PRODUCT_NAME = "$(TARGET_NAME)";
			};
			name = Debug;
		};
		7172A4021E763EA6000D5B99 /* Release */ = {
			isa = XCBuildConfiguration;
			buildSettings = {
				ASSETCATALOG_COMPILER_APPICON_NAME = AppIcon;
				DEVELOPMENT_TEAM = BPAYP34L8N;
				GCC_PRECOMPILE_PREFIX_HEADER = YES;
				GCC_PREFIX_HEADER = "$(SRCROOT)/AAChartKit-ProDemo/PrefixHeader.pch";
				INFOPLIST_FILE = "AAChartKit-ProDemo/Info.plist";
				IPHONEOS_DEPLOYMENT_TARGET = 8.0;
				LD_RUNPATH_SEARCH_PATHS = "$(inherited) @executable_path/Frameworks";
				PRODUCT_BUNDLE_IDENTIFIER = AAChartKithihiuhuihiuhi;
				PRODUCT_NAME = "$(TARGET_NAME)";
			};
			name = Release;
		};
		7172A4041E763EA6000D5B99 /* Debug */ = {
			isa = XCBuildConfiguration;
			buildSettings = {
				BUNDLE_LOADER = "$(TEST_HOST)";
				INFOPLIST_FILE = AAChartKitTests/Info.plist;
				LD_RUNPATH_SEARCH_PATHS = "$(inherited) @executable_path/Frameworks @loader_path/Frameworks";
				PRODUCT_BUNDLE_IDENTIFIER = Hobbies.AAChartKitTests;
				PRODUCT_NAME = "$(TARGET_NAME)";
				TEST_HOST = "$(BUILT_PRODUCTS_DIR)/AAChartKit-ProDemo.app/AAChartKit-ProDemo";
			};
			name = Debug;
		};
		7172A4051E763EA6000D5B99 /* Release */ = {
			isa = XCBuildConfiguration;
			buildSettings = {
				BUNDLE_LOADER = "$(TEST_HOST)";
				INFOPLIST_FILE = AAChartKitTests/Info.plist;
				LD_RUNPATH_SEARCH_PATHS = "$(inherited) @executable_path/Frameworks @loader_path/Frameworks";
				PRODUCT_BUNDLE_IDENTIFIER = Hobbies.AAChartKitTests;
				PRODUCT_NAME = "$(TARGET_NAME)";
				TEST_HOST = "$(BUILT_PRODUCTS_DIR)/AAChartKit-ProDemo.app/AAChartKit-ProDemo";
			};
			name = Release;
		};
		7172A4071E763EA6000D5B99 /* Debug */ = {
			isa = XCBuildConfiguration;
			buildSettings = {
				INFOPLIST_FILE = AAChartKitUITests/Info.plist;
				LD_RUNPATH_SEARCH_PATHS = "$(inherited) @executable_path/Frameworks @loader_path/Frameworks";
				PRODUCT_BUNDLE_IDENTIFIER = Hobbies.AAChartKitUITests;
				PRODUCT_NAME = "$(TARGET_NAME)";
				TEST_TARGET_NAME = AAChartKit;
			};
			name = Debug;
		};
		7172A4081E763EA6000D5B99 /* Release */ = {
			isa = XCBuildConfiguration;
			buildSettings = {
				INFOPLIST_FILE = AAChartKitUITests/Info.plist;
				LD_RUNPATH_SEARCH_PATHS = "$(inherited) @executable_path/Frameworks @loader_path/Frameworks";
				PRODUCT_BUNDLE_IDENTIFIER = Hobbies.AAChartKitUITests;
				PRODUCT_NAME = "$(TARGET_NAME)";
				TEST_TARGET_NAME = AAChartKit;
			};
			name = Release;
		};
/* End XCBuildConfiguration section */

/* Begin XCConfigurationList section */
		7172A3CE1E763EA6000D5B99 /* Build configuration list for PBXProject "AAChartKit-ProDemo" */ = {
			isa = XCConfigurationList;
			buildConfigurations = (
				7172A3FE1E763EA6000D5B99 /* Debug */,
				7172A3FF1E763EA6000D5B99 /* Release */,
			);
			defaultConfigurationIsVisible = 0;
			defaultConfigurationName = Release;
		};
		7172A4001E763EA6000D5B99 /* Build configuration list for PBXNativeTarget "AAChartKit-ProDemo" */ = {
			isa = XCConfigurationList;
			buildConfigurations = (
				7172A4011E763EA6000D5B99 /* Debug */,
				7172A4021E763EA6000D5B99 /* Release */,
			);
			defaultConfigurationIsVisible = 0;
			defaultConfigurationName = Release;
		};
		7172A4031E763EA6000D5B99 /* Build configuration list for PBXNativeTarget "AAChartKit-ProDemoTests" */ = {
			isa = XCConfigurationList;
			buildConfigurations = (
				7172A4041E763EA6000D5B99 /* Debug */,
				7172A4051E763EA6000D5B99 /* Release */,
			);
			defaultConfigurationIsVisible = 0;
			defaultConfigurationName = Release;
		};
		7172A4061E763EA6000D5B99 /* Build configuration list for PBXNativeTarget "AAChartKit-ProDemoUITests" */ = {
			isa = XCConfigurationList;
			buildConfigurations = (
				7172A4071E763EA6000D5B99 /* Debug */,
				7172A4081E763EA6000D5B99 /* Release */,
			);
			defaultConfigurationIsVisible = 0;
			defaultConfigurationName = Release;
		};
/* End XCConfigurationList section */
	};
	rootObject = 7172A3CB1E763EA6000D5B99 /* Project object */;
}
